
Microsoft Visual Studio Solution File, Format Version 12.00
# Visual Studio Version 16
VisualStudioVersion = 16.0.30523.141
MinimumVisualStudioVersion = 10.0.40219.1
Project("{FAE04EC0-301F-11D3-BF4B-00C04F79EFBC}") = "zadatak2", "Zadatak2\zadatak2.csproj", "{DA9123DC-F2E7-498C-AC7D-9A6D3C461C33}"
EndProject
Project("{FAE04EC0-301F-11D3-BF4B-00C04F79EFBC}") = "Testiranje", "Testiranje\Testiranje.csproj", "{28AC3B0C-202C-4C44-81BC-1ADC13065498}"
EndProject
Project("{FAE04EC0-301F-11D3-BF4B-00C04F79EFBC}") = "DemoFibonacci", "DemoFibonacci\DemoFibonacci.csproj", "{DF3CCA28-A9FC-4B49-9C82-127F99077256}"
EndProject
Global
	GlobalSection(SolutionConfigurationPlatforms) = preSolution
		Debug|Any CPU = Debug|Any CPU
		Release|Any CPU = Release|Any CPU
	EndGlobalSection
	GlobalSection(ProjectConfigurationPlatforms) = postSolution
		{DA9123DC-F2E7-498C-AC7D-9A6D3C461C33}.Debug|Any CPU.ActiveCfg = Debug|Any CPU
		{DA9123DC-F2E7-498C-AC7D-9A6D3C461C33}.Debug|Any CPU.Build.0 = Debug|Any CPU
		{DA9123DC-F2E7-498C-AC7D-9A6D3C461C33}.Release|Any CPU.ActiveCfg = Release|Any CPU
		{DA9123DC-F2E7-498C-AC7D-9A6D3C461C33}.Release|Any CPU.Build.0 = Release|Any CPU
		{28AC3B0C-202C-4C44-81BC-1ADC13065498}.Debug|Any CPU.ActiveCfg = Debug|Any CPU
		{28AC3B0C-202C-4C44-81BC-1ADC13065498}.Debug|Any CPU.Build.0 = Debug|Any CPU
		{28AC3B0C-202C-4C44-81BC-1ADC13065498}.Release|Any CPU.ActiveCfg = Release|Any CPU
		{28AC3B0C-202C-4C44-81BC-1ADC13065498}.Release|Any CPU.Build.0 = Release|Any CPU
		{DF3CCA28-A9FC-4B49-9C82-127F99077256}.Debug|Any CPU.ActiveCfg = Debug|Any CPU
		{DF3CCA28-A9FC-4B49-9C82-127F99077256}.Debug|Any CPU.Build.0 = Debug|Any CPU
		{DF3CCA28-A9FC-4B49-9C82-127F99077256}.Release|Any CPU.ActiveCfg = Release|Any CPU
		{DF3CCA28-A9FC-4B49-9C82-127F99077256}.Release|Any CPU.Build.0 = Release|Any CPU
	EndGlobalSection
	GlobalSection(SolutionProperties) = preSolution
		HideSolutionNode = FALSE
	EndGlobalSection
	GlobalSection(ExtensibilityGlobals) = postSolution
		SolutionGuid = {D1CDB948-12E3-4466-9166-2C0D20279D46}
	EndGlobalSection
EndGlobal
